{
  "version": 4,
  "terraform_version": "1.1.2",
  "serial": 1,
  "lineage": "9d885fd8-4d60-001f-5764-263f970e8a25",
  "outputs": {
    "printname": {
      "value": "hello null",
      "type": "string"
    }
  },
  "resources": [
    {
      "mode": "managed",
      "type": "github_repository",
      "name": "usingterraform",
      "provider": "provider[\"registry.terraform.io/hashicorp/github\"]",
      "instances": [
        {
          "schema_version": 0,
          "attributes": {
            "allow_auto_merge": false,
            "allow_merge_commit": true,
            "allow_rebase_merge": true,
            "allow_squash_merge": true,
            "archive_on_destroy": null,
            "archived": false,
            "auto_init": true,
            "branches": [
              {
                "name": "main",
                "protected": false
              }
            ],
            "default_branch": "main",
            "delete_branch_on_merge": false,
            "description": "reference code for infra",
            "etag": "W/\"b732ec3fc248605f1094f158b43088c1e6e0aa2ffd751bf5a2272e625b323659\"",
            "full_name": "sahitya15/terraform-codes",
            "git_clone_url": "git://github.com/sahitya15/terraform-codes.git",
            "gitignore_template": null,
            "has_downloads": false,
            "has_issues": false,
            "has_projects": false,
            "has_wiki": false,
            "homepage_url": "",
            "html_url": "https://github.com/sahitya15/terraform-codes",
            "http_clone_url": "https://github.com/sahitya15/terraform-codes.git",
            "id": "terraform-codes",
            "is_template": false,
            "license_template": null,
            "name": "terraform-codes",
            "node_id": "R_kgDOHD8Xfg",
            "pages": [],
            "private": false,
            "repo_id": 473896830,
            "ssh_clone_url": "git@github.com:sahitya15/terraform-codes.git",
            "svn_url": "https://github.com/sahitya15/terraform-codes",
            "template": [],
            "topics": null,
            "visibility": "public",
            "vulnerability_alerts": false
          },
          "sensitive_attributes": [],
          "private": "bnVsbA=="
        }
      ]
    }
  ]
}
